# This file is automatically @generated by Cargo.
# It is not intended for manual editing.
version = 4

[[package]]
name = "agentdb-action"
version = "0.1.0"

[[package]]
name = "agentdb-auth"
version = "0.1.0"

[[package]]
name = "agentdb-cli"
version = "0.1.0"
dependencies = [
 "agentdb-core",
 "agentdb-schema",
]

[[package]]
name = "agentdb-core"
version = "0.1.0"

[[package]]
name = "agentdb-policy"
version = "0.1.0"

[[package]]
name = "agentdb-query"
version = "0.1.0"

[[package]]
name = "agentdb-runtime"
version = "0.1.0"

[[package]]
name = "agentdb-schema"
version = "0.1.0"
dependencies = [
 "agentdb-core",
]

[[package]]
name = "agentdb-staticgen"
version = "0.1.0"

[[package]]
name = "agentdb-storage"
version = "0.1.0"

[[package]]
name = "agentdb-studio-api"
version = "0.1.0"

[[package]]
name = "agentdb-sync"
version = "0.1.0"
